
Microsoft Visual Studio Solution File, Format Version 11.00
# Visual Studio 2010
Project("{FAE04EC0-301F-11D3-BF4B-00C04F79EFBC}") = "VolHrsPostBarcode", "VolLog\VolHrsPostBarcode.csproj", "{9E31F0B0-F1BD-4165-A412-71C26338C221}"
EndProject
Global
	GlobalSection(SolutionConfigurationPlatforms) = preSolution
		Debug|x86 = Debug|x86
		Release|x86 = Release|x86
	EndGlobalSection
	GlobalSection(ProjectConfigurationPlatforms) = postSolution
		{9E31F0B0-F1BD-4165-A412-71C26338C221}.Debug|x86.ActiveCfg = Debug|x86
		{9E31F0B0-F1BD-4165-A412-71C26338C221}.Debug|x86.Build.0 = Debug|x86
		{9E31F0B0-F1BD-4165-A412-71C26338C221}.Release|x86.ActiveCfg = Release|x86
		{9E31F0B0-F1BD-4165-A412-71C26338C221}.Release|x86.Build.0 = Release|x86
	EndGlobalSection
	GlobalSection(SolutionProperties) = preSolution
		HideSolutionNode = FALSE
	EndGlobalSection
EndGlobal
