
Microsoft Visual Studio Solution File, Format Version 12.00
# Visual Studio 2013
VisualStudioVersion = 12.0.30324.0
MinimumVisualStudioVersion = 10.0.40219.1
Project("{54435603-DBB4-11D2-8724-00A0C9A8B90C}") = "ClientcardFB3_Installer", "ClientcardFB3_Installer.vdproj", "{82960645-F48D-455B-AE24-08C204E1D5D3}"
EndProject
Project("{FAE04EC0-301F-11D3-BF4B-00C04F79EFBC}") = "ClientcardFB3", "..\ClientcardFB3\ClientcardFB3.csproj", "{21E3B373-F9A1-4AD7-A357-0E37718F066D}"
EndProject
Project("{FAE04EC0-301F-11D3-BF4B-00C04F79EFBC}") = "PBCalendar", "..\PBCalendar\PBCalendar.csproj", "{898ECB12-D464-4514-AE2E-45FE430FE04E}"
EndProject
Project("{FAE04EC0-301F-11D3-BF4B-00C04F79EFBC}") = "SigPadCtrl", "..\SigPadCtrl\SigPadCtrl\SigPadCtrl.csproj", "{757033A0-0889-4300-A616-BBC545A9B511}"
EndProject
Global
	GlobalSection(SolutionConfigurationPlatforms) = preSolution
		Debug|Any CPU = Debug|Any CPU
		Debug|x64 = Debug|x64
		Debug|x86 = Debug|x86
		Release|Any CPU = Release|Any CPU
		Release|x64 = Release|x64
		Release|x86 = Release|x86
	EndGlobalSection
	GlobalSection(ProjectConfigurationPlatforms) = postSolution
		{82960645-F48D-455B-AE24-08C204E1D5D3}.Debug|Any CPU.ActiveCfg = Debug
		{82960645-F48D-455B-AE24-08C204E1D5D3}.Debug|Any CPU.Build.0 = Debug
		{82960645-F48D-455B-AE24-08C204E1D5D3}.Debug|x64.ActiveCfg = Debug
		{82960645-F48D-455B-AE24-08C204E1D5D3}.Debug|x64.Build.0 = Debug
		{82960645-F48D-455B-AE24-08C204E1D5D3}.Debug|x86.ActiveCfg = Debug
		{82960645-F48D-455B-AE24-08C204E1D5D3}.Debug|x86.Build.0 = Debug
		{82960645-F48D-455B-AE24-08C204E1D5D3}.Release|Any CPU.ActiveCfg = Release
		{82960645-F48D-455B-AE24-08C204E1D5D3}.Release|Any CPU.Build.0 = Release
		{82960645-F48D-455B-AE24-08C204E1D5D3}.Release|x64.ActiveCfg = Release
		{82960645-F48D-455B-AE24-08C204E1D5D3}.Release|x64.Build.0 = Release
		{82960645-F48D-455B-AE24-08C204E1D5D3}.Release|x86.ActiveCfg = Release
		{82960645-F48D-455B-AE24-08C204E1D5D3}.Release|x86.Build.0 = Release
		{21E3B373-F9A1-4AD7-A357-0E37718F066D}.Debug|Any CPU.ActiveCfg = Debug|Any CPU
		{21E3B373-F9A1-4AD7-A357-0E37718F066D}.Debug|Any CPU.Build.0 = Debug|Any CPU
		{21E3B373-F9A1-4AD7-A357-0E37718F066D}.Debug|x64.ActiveCfg = Debug|x64
		{21E3B373-F9A1-4AD7-A357-0E37718F066D}.Debug|x64.Build.0 = Debug|x64
		{21E3B373-F9A1-4AD7-A357-0E37718F066D}.Debug|x86.ActiveCfg = Debug|x86
		{21E3B373-F9A1-4AD7-A357-0E37718F066D}.Debug|x86.Build.0 = Debug|x86
		{21E3B373-F9A1-4AD7-A357-0E37718F066D}.Release|Any CPU.ActiveCfg = Release|Any CPU
		{21E3B373-F9A1-4AD7-A357-0E37718F066D}.Release|Any CPU.Build.0 = Release|Any CPU
		{21E3B373-F9A1-4AD7-A357-0E37718F066D}.Release|x64.ActiveCfg = Release|x64
		{21E3B373-F9A1-4AD7-A357-0E37718F066D}.Release|x64.Build.0 = Release|x64
		{21E3B373-F9A1-4AD7-A357-0E37718F066D}.Release|x86.ActiveCfg = Release|x86
		{21E3B373-F9A1-4AD7-A357-0E37718F066D}.Release|x86.Build.0 = Release|x86
		{898ECB12-D464-4514-AE2E-45FE430FE04E}.Debug|Any CPU.ActiveCfg = Debug|Any CPU
		{898ECB12-D464-4514-AE2E-45FE430FE04E}.Debug|Any CPU.Build.0 = Debug|Any CPU
		{898ECB12-D464-4514-AE2E-45FE430FE04E}.Debug|x64.ActiveCfg = Debug|x64
		{898ECB12-D464-4514-AE2E-45FE430FE04E}.Debug|x64.Build.0 = Debug|x64
		{898ECB12-D464-4514-AE2E-45FE430FE04E}.Debug|x86.ActiveCfg = Debug|x64
		{898ECB12-D464-4514-AE2E-45FE430FE04E}.Release|Any CPU.ActiveCfg = Release|Any CPU
		{898ECB12-D464-4514-AE2E-45FE430FE04E}.Release|Any CPU.Build.0 = Release|Any CPU
		{898ECB12-D464-4514-AE2E-45FE430FE04E}.Release|x64.ActiveCfg = Release|x64
		{898ECB12-D464-4514-AE2E-45FE430FE04E}.Release|x64.Build.0 = Release|x64
		{898ECB12-D464-4514-AE2E-45FE430FE04E}.Release|x86.ActiveCfg = Release|x64
		{757033A0-0889-4300-A616-BBC545A9B511}.Debug|Any CPU.ActiveCfg = Debug|Any CPU
		{757033A0-0889-4300-A616-BBC545A9B511}.Debug|Any CPU.Build.0 = Debug|Any CPU
		{757033A0-0889-4300-A616-BBC545A9B511}.Debug|x64.ActiveCfg = Debug|Any CPU
		{757033A0-0889-4300-A616-BBC545A9B511}.Debug|x86.ActiveCfg = Debug|Any CPU
		{757033A0-0889-4300-A616-BBC545A9B511}.Release|Any CPU.ActiveCfg = Release|Any CPU
		{757033A0-0889-4300-A616-BBC545A9B511}.Release|Any CPU.Build.0 = Release|Any CPU
		{757033A0-0889-4300-A616-BBC545A9B511}.Release|x64.ActiveCfg = Release|Any CPU
		{757033A0-0889-4300-A616-BBC545A9B511}.Release|x86.ActiveCfg = Release|Any CPU
	EndGlobalSection
	GlobalSection(SolutionProperties) = preSolution
		HideSolutionNode = FALSE
	EndGlobalSection
EndGlobal
